
Microsoft Visual Studio Solution File, Format Version 12.00
# Visual Studio Version 16
VisualStudioVersion = 16.0.33927.289
MinimumVisualStudioVersion = 10.0.40219.1
Project("{2150E333-8FDC-42A3-9474-1A3956D46DE8}") = "Task0", "Task0", "{892C76D2-21ED-48EA-B0C9-3198CE27F0EF}"
EndProject
Project("{FAE04EC0-301F-11D3-BF4B-00C04F79EFBC}") = "Tyuiu.RagimovaMA.Sprint2.Task0.V1", "Tyuiu.RagimovaMA.Sprint2.Task0.V1\Tyuiu.RagimovaMA.Sprint2.Task0.V1.csproj", "{C242198A-4237-4544-9980-D2604249CF64}"
EndProject
Project("{FAE04EC0-301F-11D3-BF4B-00C04F79EFBC}") = "Tyuiu.RagimovaMA.Sprint2.Task0.V1.Lib", "Tyuiu.RagimovaMA.Sprint2.Task0.V1.Lib\Tyuiu.RagimovaMA.Sprint2.Task0.V1.Lib.csproj", "{0CA17EEF-9745-43BA-8108-A4E58384165A}"
EndProject
Project("{FAE04EC0-301F-11D3-BF4B-00C04F79EFBC}") = "Tyuiu.RagimovaMA.Sprint2.Task0.V1.Test", "Tyuiu.RagimovaMA.Sprint2.Task0.V1.Test\Tyuiu.RagimovaMA.Sprint2.Task0.V1.Test.csproj", "{08D78BDB-8711-42EF-9C32-4BDC601E8995}"
EndProject
Project("{2150E333-8FDC-42A3-9474-1A3956D46DE8}") = "Task1", "Task1", "{9AA3D7D1-4CA0-4AD8-BFA8-19BBB0EBEDE8}"
EndProject
Project("{FAE04EC0-301F-11D3-BF4B-00C04F79EFBC}") = "Tyuiu.RagimovaMA.Sprint2.Task1.V7", "Tyuiu.RagimovaMA.Sprint2.Task1.V7\Tyuiu.RagimovaMA.Sprint2.Task1.V7.csproj", "{68F6B19F-E9CC-4540-B5A9-27E504D51EA4}"
EndProject
Project("{FAE04EC0-301F-11D3-BF4B-00C04F79EFBC}") = "Tyuiu.RagimovaMA.Sprint2.Task1.V7.Lib", "Tyuiu.RagimovaMA.Sprint2.Task1.V7.Lib\Tyuiu.RagimovaMA.Sprint2.Task1.V7.Lib.csproj", "{DF90DEBA-7992-4394-A3AC-E23FE7A93EB9}"
EndProject
Project("{FAE04EC0-301F-11D3-BF4B-00C04F79EFBC}") = "Tyuiu.RagimovaMA.Sprint2.Task1.V7.Test", "Tyuiu.RagimovaMA.Sprint2.Task1.V7.Test\Tyuiu.RagimovaMA.Sprint2.Task1.V7.Test.csproj", "{5CCB8229-35B6-4793-A18D-EDFCF40E7DBB}"
EndProject
Project("{2150E333-8FDC-42A3-9474-1A3956D46DE8}") = "Task2", "Task2", "{5BC41D71-C2FB-4DBF-A68B-67149F7BFCD7}"
EndProject
Project("{FAE04EC0-301F-11D3-BF4B-00C04F79EFBC}") = "Tyuiu.RagimovaMA.Sprint2.Task2.V25", "Tyuiu.RagimovaMA.Sprint2.Task2.V25\Tyuiu.RagimovaMA.Sprint2.Task2.V25.csproj", "{34239DC9-DD6A-4A81-B347-D4C2880A31C9}"
EndProject
Project("{FAE04EC0-301F-11D3-BF4B-00C04F79EFBC}") = "Tyuiu.RagimovaMA.Sprint2.Task2.V25.Lib", "Tyuiu.RagimovaMA.Sprint2.Task2.V25.Lib\Tyuiu.RagimovaMA.Sprint2.Task2.V25.Lib.csproj", "{5992CE6D-AC46-4A0A-A8E0-F2D558EEA485}"
EndProject
Project("{FAE04EC0-301F-11D3-BF4B-00C04F79EFBC}") = "Tyuiu.RagimovaMA.Sprint2.Task2.V25.Test", "Tyuiu.RagimovaMA.Sprint2.Task2.V25.Test\Tyuiu.RagimovaMA.Sprint2.Task2.V25.Test.csproj", "{29A4EFC7-0F6E-4B12-A308-3E0136FB1774}"
EndProject
Project("{2150E333-8FDC-42A3-9474-1A3956D46DE8}") = "Task3", "Task3", "{CB219E93-E49C-46ED-B3C0-C0E8A0650C7F}"
EndProject
Project("{FAE04EC0-301F-11D3-BF4B-00C04F79EFBC}") = "Tyuiu.RagimovaMA.Sprint2.Task3.V22", "Tyuiu.RagimovaMA.Sprint2.Task3.V22\Tyuiu.RagimovaMA.Sprint2.Task3.V22.csproj", "{7482A947-F363-4AB6-A5D0-8C4E5D747236}"
EndProject
Project("{FAE04EC0-301F-11D3-BF4B-00C04F79EFBC}") = "Tyuiu.RagimovaMA.Sprint2.Task3.V22.Lib", "Tyuiu.RagimovaMA.Sprint2.Task3.V22.Lib\Tyuiu.RagimovaMA.Sprint2.Task3.V22.Lib.csproj", "{7CADEE55-0BF9-4725-93D6-A1B5FA002D03}"
EndProject
Project("{FAE04EC0-301F-11D3-BF4B-00C04F79EFBC}") = "Tyuiu.RagimovaMA.Sprint2.Task3.V22.Test", "Tyuiu.RagimovaMA.Sprint2.Task3.V22.Test\Tyuiu.RagimovaMA.Sprint2.Task3.V22.Test.csproj", "{59E3D73F-93E4-4E8C-B2FA-ECB87A68075A}"
EndProject
Project("{2150E333-8FDC-42A3-9474-1A3956D46DE8}") = "Task4", "Task4", "{C6D109DE-8137-48B2-A568-66760608B6C8}"
EndProject
Project("{FAE04EC0-301F-11D3-BF4B-00C04F79EFBC}") = "Tyuiu.RagimovaMA.Sprint2.Task4.V19", "Tyuiu.RagimovaMA.Sprint2.Task4.V19\Tyuiu.RagimovaMA.Sprint2.Task4.V19.csproj", "{0C3EC8C9-7B53-4B20-BFAF-CBA790DA39CA}"
EndProject
Project("{FAE04EC0-301F-11D3-BF4B-00C04F79EFBC}") = "Tyuiu.RagimovaMA.Sprint2.Task4.V19.Lib", "Tyuiu.RagimovaMA.Sprint2.Task4.V19.Lib\Tyuiu.RagimovaMA.Sprint2.Task4.V19.Lib.csproj", "{CBF242C5-BDB3-49F6-B19F-E98BDDEF986C}"
EndProject
Project("{FAE04EC0-301F-11D3-BF4B-00C04F79EFBC}") = "Tyuiu.RagimovaMA.Sprint2.Task4.V19.Test", "Tyuiu.RagimovaMA.Sprint2.Task4.V19.Test\Tyuiu.RagimovaMA.Sprint2.Task4.V19.Test.csproj", "{90E2490E-9C72-44CD-9DC9-231B81D23229}"
EndProject
Project("{2150E333-8FDC-42A3-9474-1A3956D46DE8}") = "Task5", "Task5", "{744F4995-97F8-4B35-A128-A282CD0DE338}"
EndProject
Project("{FAE04EC0-301F-11D3-BF4B-00C04F79EFBC}") = "Tyuiu.RagimovaMA.Sprint2.Task5.V14", "Tyuiu.RagimovaMA.Sprint2.Task5.V14\Tyuiu.RagimovaMA.Sprint2.Task5.V14.csproj", "{1E638910-33A7-4872-816B-6F2802AF4F10}"
EndProject
Project("{FAE04EC0-301F-11D3-BF4B-00C04F79EFBC}") = "Tyuiu.RagimovaMA.Sprint2.Task5.V14.Lib", "Tyuiu.RagimovaMA.Sprint2.Task5.V14.Lib\Tyuiu.RagimovaMA.Sprint2.Task5.V14.Lib.csproj", "{BA45E122-83C4-470B-ADD6-B11A4291D480}"
EndProject
Project("{FAE04EC0-301F-11D3-BF4B-00C04F79EFBC}") = "Tyuiu.RagimovaMA.Sprint2.Task5.V14.Test", "Tyuiu.RagimovaMA.Sprint2.Task5.V14.Test\Tyuiu.RagimovaMA.Sprint2.Task5.V14.Test.csproj", "{C8FFAF1D-8096-4D7E-8414-A422B1538C33}"
EndProject
Project("{2150E333-8FDC-42A3-9474-1A3956D46DE8}") = "Task6", "Task6", "{BC75641E-ADB6-4149-A9D8-8C32089DBE3B}"
EndProject
Project("{FAE04EC0-301F-11D3-BF4B-00C04F79EFBC}") = "Tyuiu.RagimovaMA.Sprint2.Task6.V8", "Tyuiu.RagimovaMA.Sprint2.Task6.V8\Tyuiu.RagimovaMA.Sprint2.Task6.V8.csproj", "{47967BB5-4B65-4C82-8C11-F6E6889A66A8}"
EndProject
Project("{FAE04EC0-301F-11D3-BF4B-00C04F79EFBC}") = "Tyuiu.RagimovaMA.Sprint2.Task6.V8.Lib", "Tyuiu.RagimovaMA.Sprint2.Task6.V8.Lib\Tyuiu.RagimovaMA.Sprint2.Task6.V8.Lib.csproj", "{0864508F-6D06-401D-88B9-CA0FA2E0B49D}"
EndProject
Project("{FAE04EC0-301F-11D3-BF4B-00C04F79EFBC}") = "Tyuiu.RagimovaMA.Sprint2.Task6.V8.Test", "Tyuiu.RagimovaMA.Sprint2.Task6.V8.Test\Tyuiu.RagimovaMA.Sprint2.Task6.V8.Test.csproj", "{319A6E02-48B4-40F0-8A45-8D800942000B}"
EndProject
Project("{2150E333-8FDC-42A3-9474-1A3956D46DE8}") = "Task7", "Task7", "{0B0428B2-A1F2-4887-865A-A438A701F430}"
EndProject
Project("{FAE04EC0-301F-11D3-BF4B-00C04F79EFBC}") = "Tyuiu.RagimovaMA.Sprint2.Task7.V7", "Tyuiu.RagimovaMA.Sprint2.Task7.V7\Tyuiu.RagimovaMA.Sprint2.Task7.V7.csproj", "{A4AE12B4-6473-478C-84F0-A4924A42B1C4}"
EndProject
Project("{FAE04EC0-301F-11D3-BF4B-00C04F79EFBC}") = "Tyuiu.RagimovaMA.Sprint2.Task7.V7.Lib", "Tyuiu.RagimovaMA.Sprint2.Task7.V7.Lib\Tyuiu.RagimovaMA.Sprint2.Task7.V7.Lib.csproj", "{8CEA37AC-A6A0-476D-A04D-830066786481}"
EndProject
Project("{FAE04EC0-301F-11D3-BF4B-00C04F79EFBC}") = "Tyuiu.RagimovaMA.Sprint2.Task7.V7.Test", "Tyuiu.RagimovaMA.Sprint2.Task7.V7.Test\Tyuiu.RagimovaMA.Sprint2.Task7.V7.Test.csproj", "{94A30067-5E28-436A-A4DB-57AA43DE5906}"
EndProject
Global
	GlobalSection(SolutionConfigurationPlatforms) = preSolution
		Debug|Any CPU = Debug|Any CPU
		Release|Any CPU = Release|Any CPU
	EndGlobalSection
	GlobalSection(ProjectConfigurationPlatforms) = postSolution
		{C242198A-4237-4544-9980-D2604249CF64}.Debug|Any CPU.ActiveCfg = Debug|Any CPU
		{C242198A-4237-4544-9980-D2604249CF64}.Debug|Any CPU.Build.0 = Debug|Any CPU
		{C242198A-4237-4544-9980-D2604249CF64}.Release|Any CPU.ActiveCfg = Release|Any CPU
		{C242198A-4237-4544-9980-D2604249CF64}.Release|Any CPU.Build.0 = Release|Any CPU
		{0CA17EEF-9745-43BA-8108-A4E58384165A}.Debug|Any CPU.ActiveCfg = Debug|Any CPU
		{0CA17EEF-9745-43BA-8108-A4E58384165A}.Debug|Any CPU.Build.0 = Debug|Any CPU
		{0CA17EEF-9745-43BA-8108-A4E58384165A}.Release|Any CPU.ActiveCfg = Release|Any CPU
		{0CA17EEF-9745-43BA-8108-A4E58384165A}.Release|Any CPU.Build.0 = Release|Any CPU
		{08D78BDB-8711-42EF-9C32-4BDC601E8995}.Debug|Any CPU.ActiveCfg = Debug|Any CPU
		{08D78BDB-8711-42EF-9C32-4BDC601E8995}.Debug|Any CPU.Build.0 = Debug|Any CPU
		{08D78BDB-8711-42EF-9C32-4BDC601E8995}.Release|Any CPU.ActiveCfg = Release|Any CPU
		{08D78BDB-8711-42EF-9C32-4BDC601E8995}.Release|Any CPU.Build.0 = Release|Any CPU
		{68F6B19F-E9CC-4540-B5A9-27E504D51EA4}.Debug|Any CPU.ActiveCfg = Debug|Any CPU
		{68F6B19F-E9CC-4540-B5A9-27E504D51EA4}.Debug|Any CPU.Build.0 = Debug|Any CPU
		{68F6B19F-E9CC-4540-B5A9-27E504D51EA4}.Release|Any CPU.ActiveCfg = Release|Any CPU
		{68F6B19F-E9CC-4540-B5A9-27E504D51EA4}.Release|Any CPU.Build.0 = Release|Any CPU
		{DF90DEBA-7992-4394-A3AC-E23FE7A93EB9}.Debug|Any CPU.ActiveCfg = Debug|Any CPU
		{DF90DEBA-7992-4394-A3AC-E23FE7A93EB9}.Debug|Any CPU.Build.0 = Debug|Any CPU
		{DF90DEBA-7992-4394-A3AC-E23FE7A93EB9}.Release|Any CPU.ActiveCfg = Release|Any CPU
		{DF90DEBA-7992-4394-A3AC-E23FE7A93EB9}.Release|Any CPU.Build.0 = Release|Any CPU
		{5CCB8229-35B6-4793-A18D-EDFCF40E7DBB}.Debug|Any CPU.ActiveCfg = Debug|Any CPU
		{5CCB8229-35B6-4793-A18D-EDFCF40E7DBB}.Debug|Any CPU.Build.0 = Debug|Any CPU
		{5CCB8229-35B6-4793-A18D-EDFCF40E7DBB}.Release|Any CPU.ActiveCfg = Release|Any CPU
		{5CCB8229-35B6-4793-A18D-EDFCF40E7DBB}.Release|Any CPU.Build.0 = Release|Any CPU
		{34239DC9-DD6A-4A81-B347-D4C2880A31C9}.Debug|Any CPU.ActiveCfg = Debug|Any CPU
		{34239DC9-DD6A-4A81-B347-D4C2880A31C9}.Debug|Any CPU.Build.0 = Debug|Any CPU
		{34239DC9-DD6A-4A81-B347-D4C2880A31C9}.Release|Any CPU.ActiveCfg = Release|Any CPU
		{34239DC9-DD6A-4A81-B347-D4C2880A31C9}.Release|Any CPU.Build.0 = Release|Any CPU
		{5992CE6D-AC46-4A0A-A8E0-F2D558EEA485}.Debug|Any CPU.ActiveCfg = Debug|Any CPU
		{5992CE6D-AC46-4A0A-A8E0-F2D558EEA485}.Debug|Any CPU.Build.0 = Debug|Any CPU
		{5992CE6D-AC46-4A0A-A8E0-F2D558EEA485}.Release|Any CPU.ActiveCfg = Release|Any CPU
		{5992CE6D-AC46-4A0A-A8E0-F2D558EEA485}.Release|Any CPU.Build.0 = Release|Any CPU
		{29A4EFC7-0F6E-4B12-A308-3E0136FB1774}.Debug|Any CPU.ActiveCfg = Debug|Any CPU
		{29A4EFC7-0F6E-4B12-A308-3E0136FB1774}.Debug|Any CPU.Build.0 = Debug|Any CPU
		{29A4EFC7-0F6E-4B12-A308-3E0136FB1774}.Release|Any CPU.ActiveCfg = Release|Any CPU
		{29A4EFC7-0F6E-4B12-A308-3E0136FB1774}.Release|Any CPU.Build.0 = Release|Any CPU
		{7482A947-F363-4AB6-A5D0-8C4E5D747236}.Debug|Any CPU.ActiveCfg = Debug|Any CPU
		{7482A947-F363-4AB6-A5D0-8C4E5D747236}.Debug|Any CPU.Build.0 = Debug|Any CPU
		{7482A947-F363-4AB6-A5D0-8C4E5D747236}.Release|Any CPU.ActiveCfg = Release|Any CPU
		{7482A947-F363-4AB6-A5D0-8C4E5D747236}.Release|Any CPU.Build.0 = Release|Any CPU
		{7CADEE55-0BF9-4725-93D6-A1B5FA002D03}.Debug|Any CPU.ActiveCfg = Debug|Any CPU
		{7CADEE55-0BF9-4725-93D6-A1B5FA002D03}.Debug|Any CPU.Build.0 = Debug|Any CPU
		{7CADEE55-0BF9-4725-93D6-A1B5FA002D03}.Release|Any CPU.ActiveCfg = Release|Any CPU
		{7CADEE55-0BF9-4725-93D6-A1B5FA002D03}.Release|Any CPU.Build.0 = Release|Any CPU
		{59E3D73F-93E4-4E8C-B2FA-ECB87A68075A}.Debug|Any CPU.ActiveCfg = Debug|Any CPU
		{59E3D73F-93E4-4E8C-B2FA-ECB87A68075A}.Debug|Any CPU.Build.0 = Debug|Any CPU
		{59E3D73F-93E4-4E8C-B2FA-ECB87A68075A}.Release|Any CPU.ActiveCfg = Release|Any CPU
		{59E3D73F-93E4-4E8C-B2FA-ECB87A68075A}.Release|Any CPU.Build.0 = Release|Any CPU
		{0C3EC8C9-7B53-4B20-BFAF-CBA790DA39CA}.Debug|Any CPU.ActiveCfg = Debug|Any CPU
		{0C3EC8C9-7B53-4B20-BFAF-CBA790DA39CA}.Debug|Any CPU.Build.0 = Debug|Any CPU
		{0C3EC8C9-7B53-4B20-BFAF-CBA790DA39CA}.Release|Any CPU.ActiveCfg = Release|Any CPU
		{0C3EC8C9-7B53-4B20-BFAF-CBA790DA39CA}.Release|Any CPU.Build.0 = Release|Any CPU
		{CBF242C5-BDB3-49F6-B19F-E98BDDEF986C}.Debug|Any CPU.ActiveCfg = Debug|Any CPU
		{CBF242C5-BDB3-49F6-B19F-E98BDDEF986C}.Debug|Any CPU.Build.0 = Debug|Any CPU
		{CBF242C5-BDB3-49F6-B19F-E98BDDEF986C}.Release|Any CPU.ActiveCfg = Release|Any CPU
		{CBF242C5-BDB3-49F6-B19F-E98BDDEF986C}.Release|Any CPU.Build.0 = Release|Any CPU
		{90E2490E-9C72-44CD-9DC9-231B81D23229}.Debug|Any CPU.ActiveCfg = Debug|Any CPU
		{90E2490E-9C72-44CD-9DC9-231B81D23229}.Debug|Any CPU.Build.0 = Debug|Any CPU
		{90E2490E-9C72-44CD-9DC9-231B81D23229}.Release|Any CPU.ActiveCfg = Release|Any CPU
		{90E2490E-9C72-44CD-9DC9-231B81D23229}.Release|Any CPU.Build.0 = Release|Any CPU
		{1E638910-33A7-4872-816B-6F2802AF4F10}.Debug|Any CPU.ActiveCfg = Debug|Any CPU
		{1E638910-33A7-4872-816B-6F2802AF4F10}.Debug|Any CPU.Build.0 = Debug|Any CPU
		{1E638910-33A7-4872-816B-6F2802AF4F10}.Release|Any CPU.ActiveCfg = Release|Any CPU
		{1E638910-33A7-4872-816B-6F2802AF4F10}.Release|Any CPU.Build.0 = Release|Any CPU
		{BA45E122-83C4-470B-ADD6-B11A4291D480}.Debug|Any CPU.ActiveCfg = Debug|Any CPU
		{BA45E122-83C4-470B-ADD6-B11A4291D480}.Debug|Any CPU.Build.0 = Debug|Any CPU
		{BA45E122-83C4-470B-ADD6-B11A4291D480}.Release|Any CPU.ActiveCfg = Release|Any CPU
		{BA45E122-83C4-470B-ADD6-B11A4291D480}.Release|Any CPU.Build.0 = Release|Any CPU
		{C8FFAF1D-8096-4D7E-8414-A422B1538C33}.Debug|Any CPU.ActiveCfg = Debug|Any CPU
		{C8FFAF1D-8096-4D7E-8414-A422B1538C33}.Debug|Any CPU.Build.0 = Debug|Any CPU
		{C8FFAF1D-8096-4D7E-8414-A422B1538C33}.Release|Any CPU.ActiveCfg = Release|Any CPU
		{C8FFAF1D-8096-4D7E-8414-A422B1538C33}.Release|Any CPU.Build.0 = Release|Any CPU
		{47967BB5-4B65-4C82-8C11-F6E6889A66A8}.Debug|Any CPU.ActiveCfg = Debug|Any CPU
		{47967BB5-4B65-4C82-8C11-F6E6889A66A8}.Debug|Any CPU.Build.0 = Debug|Any CPU
		{47967BB5-4B65-4C82-8C11-F6E6889A66A8}.Release|Any CPU.ActiveCfg = Release|Any CPU
		{47967BB5-4B65-4C82-8C11-F6E6889A66A8}.Release|Any CPU.Build.0 = Release|Any CPU
		{0864508F-6D06-401D-88B9-CA0FA2E0B49D}.Debug|Any CPU.ActiveCfg = Debug|Any CPU
		{0864508F-6D06-401D-88B9-CA0FA2E0B49D}.Debug|Any CPU.Build.0 = Debug|Any CPU
		{0864508F-6D06-401D-88B9-CA0FA2E0B49D}.Release|Any CPU.ActiveCfg = Release|Any CPU
		{0864508F-6D06-401D-88B9-CA0FA2E0B49D}.Release|Any CPU.Build.0 = Release|Any CPU
		{319A6E02-48B4-40F0-8A45-8D800942000B}.Debug|Any CPU.ActiveCfg = Debug|Any CPU
		{319A6E02-48B4-40F0-8A45-8D800942000B}.Debug|Any CPU.Build.0 = Debug|Any CPU
		{319A6E02-48B4-40F0-8A45-8D800942000B}.Release|Any CPU.ActiveCfg = Release|Any CPU
		{319A6E02-48B4-40F0-8A45-8D800942000B}.Release|Any CPU.Build.0 = Release|Any CPU
		{A4AE12B4-6473-478C-84F0-A4924A42B1C4}.Debug|Any CPU.ActiveCfg = Debug|Any CPU
		{A4AE12B4-6473-478C-84F0-A4924A42B1C4}.Debug|Any CPU.Build.0 = Debug|Any CPU
		{A4AE12B4-6473-478C-84F0-A4924A42B1C4}.Release|Any CPU.ActiveCfg = Release|Any CPU
		{A4AE12B4-6473-478C-84F0-A4924A42B1C4}.Release|Any CPU.Build.0 = Release|Any CPU
		{8CEA37AC-A6A0-476D-A04D-830066786481}.Debug|Any CPU.ActiveCfg = Debug|Any CPU
		{8CEA37AC-A6A0-476D-A04D-830066786481}.Debug|Any CPU.Build.0 = Debug|Any CPU
		{8CEA37AC-A6A0-476D-A04D-830066786481}.Release|Any CPU.ActiveCfg = Release|Any CPU
		{8CEA37AC-A6A0-476D-A04D-830066786481}.Release|Any CPU.Build.0 = Release|Any CPU
		{94A30067-5E28-436A-A4DB-57AA43DE5906}.Debug|Any CPU.ActiveCfg = Debug|Any CPU
		{94A30067-5E28-436A-A4DB-57AA43DE5906}.Debug|Any CPU.Build.0 = Debug|Any CPU
		{94A30067-5E28-436A-A4DB-57AA43DE5906}.Release|Any CPU.ActiveCfg = Release|Any CPU
		{94A30067-5E28-436A-A4DB-57AA43DE5906}.Release|Any CPU.Build.0 = Release|Any CPU
	EndGlobalSection
	GlobalSection(SolutionProperties) = preSolution
		HideSolutionNode = FALSE
	EndGlobalSection
	GlobalSection(NestedProjects) = preSolution
		{C242198A-4237-4544-9980-D2604249CF64} = {892C76D2-21ED-48EA-B0C9-3198CE27F0EF}
		{0CA17EEF-9745-43BA-8108-A4E58384165A} = {892C76D2-21ED-48EA-B0C9-3198CE27F0EF}
		{08D78BDB-8711-42EF-9C32-4BDC601E8995} = {892C76D2-21ED-48EA-B0C9-3198CE27F0EF}
		{68F6B19F-E9CC-4540-B5A9-27E504D51EA4} = {9AA3D7D1-4CA0-4AD8-BFA8-19BBB0EBEDE8}
		{DF90DEBA-7992-4394-A3AC-E23FE7A93EB9} = {9AA3D7D1-4CA0-4AD8-BFA8-19BBB0EBEDE8}
		{5CCB8229-35B6-4793-A18D-EDFCF40E7DBB} = {9AA3D7D1-4CA0-4AD8-BFA8-19BBB0EBEDE8}
		{34239DC9-DD6A-4A81-B347-D4C2880A31C9} = {5BC41D71-C2FB-4DBF-A68B-67149F7BFCD7}
		{5992CE6D-AC46-4A0A-A8E0-F2D558EEA485} = {5BC41D71-C2FB-4DBF-A68B-67149F7BFCD7}
		{29A4EFC7-0F6E-4B12-A308-3E0136FB1774} = {5BC41D71-C2FB-4DBF-A68B-67149F7BFCD7}
		{7482A947-F363-4AB6-A5D0-8C4E5D747236} = {CB219E93-E49C-46ED-B3C0-C0E8A0650C7F}
		{7CADEE55-0BF9-4725-93D6-A1B5FA002D03} = {CB219E93-E49C-46ED-B3C0-C0E8A0650C7F}
		{59E3D73F-93E4-4E8C-B2FA-ECB87A68075A} = {CB219E93-E49C-46ED-B3C0-C0E8A0650C7F}
		{0C3EC8C9-7B53-4B20-BFAF-CBA790DA39CA} = {C6D109DE-8137-48B2-A568-66760608B6C8}
		{CBF242C5-BDB3-49F6-B19F-E98BDDEF986C} = {C6D109DE-8137-48B2-A568-66760608B6C8}
		{90E2490E-9C72-44CD-9DC9-231B81D23229} = {C6D109DE-8137-48B2-A568-66760608B6C8}
		{1E638910-33A7-4872-816B-6F2802AF4F10} = {744F4995-97F8-4B35-A128-A282CD0DE338}
		{BA45E122-83C4-470B-ADD6-B11A4291D480} = {744F4995-97F8-4B35-A128-A282CD0DE338}
		{C8FFAF1D-8096-4D7E-8414-A422B1538C33} = {744F4995-97F8-4B35-A128-A282CD0DE338}
		{47967BB5-4B65-4C82-8C11-F6E6889A66A8} = {BC75641E-ADB6-4149-A9D8-8C32089DBE3B}
		{0864508F-6D06-401D-88B9-CA0FA2E0B49D} = {BC75641E-ADB6-4149-A9D8-8C32089DBE3B}
		{319A6E02-48B4-40F0-8A45-8D800942000B} = {BC75641E-ADB6-4149-A9D8-8C32089DBE3B}
		{A4AE12B4-6473-478C-84F0-A4924A42B1C4} = {0B0428B2-A1F2-4887-865A-A438A701F430}
		{8CEA37AC-A6A0-476D-A04D-830066786481} = {0B0428B2-A1F2-4887-865A-A438A701F430}
		{94A30067-5E28-436A-A4DB-57AA43DE5906} = {0B0428B2-A1F2-4887-865A-A438A701F430}
	EndGlobalSection
	GlobalSection(ExtensibilityGlobals) = postSolution
		SolutionGuid = {17B267C4-9443-4E41-A477-EAE667FB499C}
	EndGlobalSection
EndGlobal
